
Microsoft Visual Studio Solution File, Format Version 12.00
# Visual Studio Version 17
VisualStudioVersion = 17.5.002.0
MinimumVisualStudioVersion = 10.0.40219.1
Project("{9A19103F-16F7-4668-BE54-9A1E7A4F7556}") = "secret-number-game", "secret-number-game.csproj", "{E7E93243-275A-4075-8AFD-6E1B0EDD1F98}"
EndProject
Global
	GlobalSection(SolutionConfigurationPlatforms) = preSolution
		Debug|Any CPU = Debug|Any CPU
		Release|Any CPU = Release|Any CPU
	EndGlobalSection
	GlobalSection(ProjectConfigurationPlatforms) = postSolution
		{E7E93243-275A-4075-8AFD-6E1B0EDD1F98}.Debug|Any CPU.ActiveCfg = Debug|Any CPU
		{E7E93243-275A-4075-8AFD-6E1B0EDD1F98}.Debug|Any CPU.Build.0 = Debug|Any CPU
		{E7E93243-275A-4075-8AFD-6E1B0EDD1F98}.Release|Any CPU.ActiveCfg = Release|Any CPU
		{E7E93243-275A-4075-8AFD-6E1B0EDD1F98}.Release|Any CPU.Build.0 = Release|Any CPU
	EndGlobalSection
	GlobalSection(SolutionProperties) = preSolution
		HideSolutionNode = FALSE
	EndGlobalSection
	GlobalSection(ExtensibilityGlobals) = postSolution
		SolutionGuid = {F7DC59D8-A51F-44DF-AD81-4952D9F6B9BB}
	EndGlobalSection
EndGlobal
